
Microsoft Visual Studio Solution File, Format Version 12.00
# Visual Studio Version 16
VisualStudioVersion = 16.0.30503.244
MinimumVisualStudioVersion = 10.0.40219.1
Project("{FAE04EC0-301F-11D3-BF4B-00C04F79EFBC}") = "TechTalkColecoes", "TechTalkColecoes\TechTalkColecoes.csproj", "{816FC969-CF3C-4AD6-B638-6E1C4FEEAEE4}"
EndProject
Global
	GlobalSection(SolutionConfigurationPlatforms) = preSolution
		Debug|Any CPU = Debug|Any CPU
		Release|Any CPU = Release|Any CPU
	EndGlobalSection
	GlobalSection(ProjectConfigurationPlatforms) = postSolution
		{816FC969-CF3C-4AD6-B638-6E1C4FEEAEE4}.Debug|Any CPU.ActiveCfg = Debug|Any CPU
		{816FC969-CF3C-4AD6-B638-6E1C4FEEAEE4}.Debug|Any CPU.Build.0 = Debug|Any CPU
		{816FC969-CF3C-4AD6-B638-6E1C4FEEAEE4}.Release|Any CPU.ActiveCfg = Release|Any CPU
		{816FC969-CF3C-4AD6-B638-6E1C4FEEAEE4}.Release|Any CPU.Build.0 = Release|Any CPU
	EndGlobalSection
	GlobalSection(SolutionProperties) = preSolution
		HideSolutionNode = FALSE
	EndGlobalSection
	GlobalSection(ExtensibilityGlobals) = postSolution
		SolutionGuid = {C365A946-0A0E-4333-837A-7A2169E9D59B}
	EndGlobalSection
EndGlobal
